
Microsoft Visual Studio Solution File, Format Version 12.00
# Visual Studio Version 17
VisualStudioVersion = 17.7.34031.279
MinimumVisualStudioVersion = 10.0.40219.1
Project("{FAE04EC0-301F-11D3-BF4B-00C04F79EFBC}") = "HousePlanner", "HousePlanner\HousePlanner.csproj", "{60B0E023-91B0-4A2D-BBBE-D756C6177AD3}"
EndProject
Project("{FAE04EC0-301F-11D3-BF4B-00C04F79EFBC}") = "DBManager", "DBManager\DBManager.csproj", "{6036FA50-399E-43BE-80CA-41EC000E8C37}"
EndProject
Global
	GlobalSection(SolutionConfigurationPlatforms) = preSolution
		Debug|Any CPU = Debug|Any CPU
		Release|Any CPU = Release|Any CPU
	EndGlobalSection
	GlobalSection(ProjectConfigurationPlatforms) = postSolution
		{60B0E023-91B0-4A2D-BBBE-D756C6177AD3}.Debug|Any CPU.ActiveCfg = Debug|Any CPU
		{60B0E023-91B0-4A2D-BBBE-D756C6177AD3}.Debug|Any CPU.Build.0 = Debug|Any CPU
		{60B0E023-91B0-4A2D-BBBE-D756C6177AD3}.Release|Any CPU.ActiveCfg = Release|Any CPU
		{60B0E023-91B0-4A2D-BBBE-D756C6177AD3}.Release|Any CPU.Build.0 = Release|Any CPU
		{6036FA50-399E-43BE-80CA-41EC000E8C37}.Debug|Any CPU.ActiveCfg = Debug|Any CPU
		{6036FA50-399E-43BE-80CA-41EC000E8C37}.Debug|Any CPU.Build.0 = Debug|Any CPU
		{6036FA50-399E-43BE-80CA-41EC000E8C37}.Release|Any CPU.ActiveCfg = Release|Any CPU
		{6036FA50-399E-43BE-80CA-41EC000E8C37}.Release|Any CPU.Build.0 = Release|Any CPU
	EndGlobalSection
	GlobalSection(SolutionProperties) = preSolution
		HideSolutionNode = FALSE
	EndGlobalSection
	GlobalSection(ExtensibilityGlobals) = postSolution
		SolutionGuid = {0A65B4D7-8144-4810-9274-454C3E8ABBD0}
	EndGlobalSection
EndGlobal
